{
  "name": "vue-wechat-auth",
  "version": "1.0.2",
  "lockfileVersion": 1,
  "requires": true,
  "dependencies": {
    "vue-router": {
      "version": "2.8.1",
      "resolved": "https://registry.npmjs.org/vue-router/-/vue-router-2.8.1.tgz",
      "integrity": "sha512-MC4jacHBhTPKtmcfzvaj2N7g6jgJ/Z/eIjZdt+yUaUOM1iKC0OUIlO/xCtz6OZFFTNUJs/1YNro2GN/lE+nOXA=="
    },
    "weixin-js-sdk": {
      "version": "1.4.0-test",
      "resolved": "https://registry.npmjs.org/weixin-js-sdk/-/weixin-js-sdk-1.4.0-test.tgz",
      "integrity": "sha512-Dh/TwKhaQVAlyqEXdR65aJdexsynOhCEauexY93YZ+gXcV+ITTd/qvAHdwmkGP0nwAp314v0FD4AXUqCBQFm6Q=="
    }
  }
}
